
Microsoft Visual Studio Solution File, Format Version 12.00
# Visual Studio Version 17
VisualStudioVersion = 17.2.32630.192
MinimumVisualStudioVersion = 10.0.40219.1
Project("{FAE04EC0-301F-11D3-BF4B-00C04F79EFBC}") = "01", "01\01.csproj", "{9B987680-C217-4F1A-8933-26B44E3DFF24}"
EndProject
Global
	GlobalSection(SolutionConfigurationPlatforms) = preSolution
		Debug|Any CPU = Debug|Any CPU
		Release|Any CPU = Release|Any CPU
	EndGlobalSection
	GlobalSection(ProjectConfigurationPlatforms) = postSolution
		{9B987680-C217-4F1A-8933-26B44E3DFF24}.Debug|Any CPU.ActiveCfg = Debug|Any CPU
		{9B987680-C217-4F1A-8933-26B44E3DFF24}.Debug|Any CPU.Build.0 = Debug|Any CPU
		{9B987680-C217-4F1A-8933-26B44E3DFF24}.Release|Any CPU.ActiveCfg = Release|Any CPU
		{9B987680-C217-4F1A-8933-26B44E3DFF24}.Release|Any CPU.Build.0 = Release|Any CPU
	EndGlobalSection
	GlobalSection(SolutionProperties) = preSolution
		HideSolutionNode = FALSE
	EndGlobalSection
	GlobalSection(ExtensibilityGlobals) = postSolution
		SolutionGuid = {65DE31CA-DFFB-4516-9693-A99B04D4D0FC}
	EndGlobalSection
EndGlobal
